
Microsoft Visual Studio Solution File, Format Version 12.00
# Visual Studio 2013
VisualStudioVersion = 12.0.31101.0
MinimumVisualStudioVersion = 10.0.40219.1
Project("{FAE04EC0-301F-11D3-BF4B-00C04F79EFBC}") = "MYOBAPItrial", "MYOBAPItrial\MYOBAPItrial.csproj", "{6FCFC083-9D9A-4552-8046-9C3BB0439644}"
EndProject
Project("{FAE04EC0-301F-11D3-BF4B-00C04F79EFBC}") = "MYOBAPITests", "MYOBAPITests\MYOBAPITests.csproj", "{C2892B39-E89F-44C1-98C6-9AC2C971D4EB}"
EndProject
Project("{FAE04EC0-301F-11D3-BF4B-00C04F79EFBC}") = "SBD.JobTalk.Module", "..\SBD.JobTalk\SBD.JobTalk.Module\SBD.JobTalk.Module.csproj", "{5F15837D-D1E5-44DC-92F0-4F2EBE9C3F8D}"
EndProject
Project("{FAE04EC0-301F-11D3-BF4B-00C04F79EFBC}") = "SBD.JobTalk.MYOB", "MYOBAPI\SBD.JobTalk.MYOB.csproj", "{F67F4CAE-4DA5-47D6-9BDA-AE05282845CA}"
EndProject
Global
	GlobalSection(SolutionConfigurationPlatforms) = preSolution
		Debug|Any CPU = Debug|Any CPU
		EasyTest|Any CPU = EasyTest|Any CPU
		Release|Any CPU = Release|Any CPU
	EndGlobalSection
	GlobalSection(ProjectConfigurationPlatforms) = postSolution
		{6FCFC083-9D9A-4552-8046-9C3BB0439644}.Debug|Any CPU.ActiveCfg = Debug|Any CPU
		{6FCFC083-9D9A-4552-8046-9C3BB0439644}.Debug|Any CPU.Build.0 = Debug|Any CPU
		{6FCFC083-9D9A-4552-8046-9C3BB0439644}.EasyTest|Any CPU.ActiveCfg = Release|Any CPU
		{6FCFC083-9D9A-4552-8046-9C3BB0439644}.EasyTest|Any CPU.Build.0 = Release|Any CPU
		{6FCFC083-9D9A-4552-8046-9C3BB0439644}.Release|Any CPU.ActiveCfg = Release|Any CPU
		{6FCFC083-9D9A-4552-8046-9C3BB0439644}.Release|Any CPU.Build.0 = Release|Any CPU
		{C2892B39-E89F-44C1-98C6-9AC2C971D4EB}.Debug|Any CPU.ActiveCfg = Debug|Any CPU
		{C2892B39-E89F-44C1-98C6-9AC2C971D4EB}.Debug|Any CPU.Build.0 = Debug|Any CPU
		{C2892B39-E89F-44C1-98C6-9AC2C971D4EB}.EasyTest|Any CPU.ActiveCfg = Release|Any CPU
		{C2892B39-E89F-44C1-98C6-9AC2C971D4EB}.EasyTest|Any CPU.Build.0 = Release|Any CPU
		{C2892B39-E89F-44C1-98C6-9AC2C971D4EB}.Release|Any CPU.ActiveCfg = Release|Any CPU
		{C2892B39-E89F-44C1-98C6-9AC2C971D4EB}.Release|Any CPU.Build.0 = Release|Any CPU
		{5F15837D-D1E5-44DC-92F0-4F2EBE9C3F8D}.Debug|Any CPU.ActiveCfg = Debug|Any CPU
		{5F15837D-D1E5-44DC-92F0-4F2EBE9C3F8D}.Debug|Any CPU.Build.0 = Debug|Any CPU
		{5F15837D-D1E5-44DC-92F0-4F2EBE9C3F8D}.EasyTest|Any CPU.ActiveCfg = EasyTest|Any CPU
		{5F15837D-D1E5-44DC-92F0-4F2EBE9C3F8D}.EasyTest|Any CPU.Build.0 = EasyTest|Any CPU
		{5F15837D-D1E5-44DC-92F0-4F2EBE9C3F8D}.Release|Any CPU.ActiveCfg = Release|Any CPU
		{5F15837D-D1E5-44DC-92F0-4F2EBE9C3F8D}.Release|Any CPU.Build.0 = Release|Any CPU
		{F67F4CAE-4DA5-47D6-9BDA-AE05282845CA}.Debug|Any CPU.ActiveCfg = Debug|Any CPU
		{F67F4CAE-4DA5-47D6-9BDA-AE05282845CA}.Debug|Any CPU.Build.0 = Debug|Any CPU
		{F67F4CAE-4DA5-47D6-9BDA-AE05282845CA}.EasyTest|Any CPU.ActiveCfg = Release|Any CPU
		{F67F4CAE-4DA5-47D6-9BDA-AE05282845CA}.EasyTest|Any CPU.Build.0 = Release|Any CPU
		{F67F4CAE-4DA5-47D6-9BDA-AE05282845CA}.Release|Any CPU.ActiveCfg = Release|Any CPU
		{F67F4CAE-4DA5-47D6-9BDA-AE05282845CA}.Release|Any CPU.Build.0 = Release|Any CPU
	EndGlobalSection
	GlobalSection(SolutionProperties) = preSolution
		HideSolutionNode = FALSE
	EndGlobalSection
EndGlobal
